
Microsoft Visual Studio Solution File, Format Version 12.00
# Visual Studio Version 17
VisualStudioVersion = 17.13.35828.75
MinimumVisualStudioVersion = 10.0.40219.1
Project("{FAE04EC0-301F-11D3-BF4B-00C04F79EFBC}") = "GarageSpace.API", "src\GarageSpace.API\GarageSpace.API.csproj", "{B6D32B7E-A70B-4A94-AA70-2A7D1C876DC5}"
EndProject
Project("{FAE04EC0-301F-11D3-BF4B-00C04F79EFBC}") = "GarageSpace.Repository.Interfaces", "src\GarageSpace.Repository.Interfaces\GarageSpace.Repository.Interfaces.csproj", "{355EA7E4-EF3F-9202-EEB5-3342B802DD21}"
EndProject
Project("{FAE04EC0-301F-11D3-BF4B-00C04F79EFBC}") = "GarageSpace.API.Contracts", "src\GarageSpace.API.Contracts\GarageSpace.API.Contracts.csproj", "{59E86CA1-C984-4B19-A1C9-078A207EAC6B}"
EndProject
Project("{FAE04EC0-301F-11D3-BF4B-00C04F79EFBC}") = "GarageSpace.Models", "src\GarageSpace.Models\GarageSpace.Models.csproj", "{94C96ABB-293D-4035-BAE0-2F9C14083BA3}"
EndProject
Project("{FAE04EC0-301F-11D3-BF4B-00C04F79EFBC}") = "GarageSpace.Services.Interfaces", "src\GarageSpace.Services.Interfaces\GarageSpace.Services.Interfaces.csproj", "{B0687EDC-2E2E-4A7D-A073-A3783AF33956}"
EndProject
Project("{FAE04EC0-301F-11D3-BF4B-00C04F79EFBC}") = "GarageSpace.Services", "src\GarageSpace.Services\GarageSpace.Services.csproj", "{12198D38-68FD-4F68-B61C-1A480E3D5233}"
EndProject
Project("{FAE04EC0-301F-11D3-BF4B-00C04F79EFBC}") = "GarageSpace.Repository.MongoDB", "src\GarageSpace.Repository.MongoDB\GarageSpace.Repository.MongoDB.csproj", "{65612911-4137-486A-8AB0-98FBD2775D7E}"
EndProject
Project("{FAE04EC0-301F-11D3-BF4B-00C04F79EFBC}") = "GarageSpace.Repository.EntityFramework", "src\GarageSpace.Repository.EntityFramework\GarageSpace.Repository.EntityFramework.csproj", "{55155086-9525-46F5-817E-B225CA554A13}"
EndProject
Project("{2150E333-8FDC-42A3-9474-1A3956D46DE8}") = "Tests", "Tests", "{02EA681E-C7D8-13C7-8484-4AC65E1B71E8}"
EndProject
Project("{FAE04EC0-301F-11D3-BF4B-00C04F79EFBC}") = "GarageSpace.IntegrationTests", "Tests\GarageSpace.IntegrationTests\GarageSpace.IntegrationTests.csproj", "{0C7AAD3A-E6DC-9EF0-5CD8-8977EDA443DF}"
EndProject
Project("{FAE04EC0-301F-11D3-BF4B-00C04F79EFBC}") = "GarageSpace.UnitTests", "Tests\GarageSpace.UnitTests\GarageSpace.UnitTests.csproj", "{3A5C0B00-FF37-7694-5662-63C3529C4659}"
EndProject
Project("{2150E333-8FDC-42A3-9474-1A3956D46DE8}") = "src", "src", "{5F5D030F-1BEB-45B8-A362-FB9EB3462516}"
EndProject
Global
	GlobalSection(SolutionConfigurationPlatforms) = preSolution
		Debug|Any CPU = Debug|Any CPU
		Debug|x64 = Debug|x64
		Debug|x86 = Debug|x86
		Release|Any CPU = Release|Any CPU
		Release|x64 = Release|x64
		Release|x86 = Release|x86
	EndGlobalSection
	GlobalSection(ProjectConfigurationPlatforms) = postSolution
		{B6D32B7E-A70B-4A94-AA70-2A7D1C876DC5}.Debug|Any CPU.ActiveCfg = Debug|Any CPU
		{B6D32B7E-A70B-4A94-AA70-2A7D1C876DC5}.Debug|Any CPU.Build.0 = Debug|Any CPU
		{B6D32B7E-A70B-4A94-AA70-2A7D1C876DC5}.Debug|x64.ActiveCfg = Debug|Any CPU
		{B6D32B7E-A70B-4A94-AA70-2A7D1C876DC5}.Debug|x64.Build.0 = Debug|Any CPU
		{B6D32B7E-A70B-4A94-AA70-2A7D1C876DC5}.Debug|x86.ActiveCfg = Debug|Any CPU
		{B6D32B7E-A70B-4A94-AA70-2A7D1C876DC5}.Debug|x86.Build.0 = Debug|Any CPU
		{B6D32B7E-A70B-4A94-AA70-2A7D1C876DC5}.Release|Any CPU.ActiveCfg = Release|Any CPU
		{B6D32B7E-A70B-4A94-AA70-2A7D1C876DC5}.Release|Any CPU.Build.0 = Release|Any CPU
		{B6D32B7E-A70B-4A94-AA70-2A7D1C876DC5}.Release|x64.ActiveCfg = Release|Any CPU
		{B6D32B7E-A70B-4A94-AA70-2A7D1C876DC5}.Release|x64.Build.0 = Release|Any CPU
		{B6D32B7E-A70B-4A94-AA70-2A7D1C876DC5}.Release|x86.ActiveCfg = Release|Any CPU
		{B6D32B7E-A70B-4A94-AA70-2A7D1C876DC5}.Release|x86.Build.0 = Release|Any CPU
		{355EA7E4-EF3F-9202-EEB5-3342B802DD21}.Debug|Any CPU.ActiveCfg = Debug|Any CPU
		{355EA7E4-EF3F-9202-EEB5-3342B802DD21}.Debug|Any CPU.Build.0 = Debug|Any CPU
		{355EA7E4-EF3F-9202-EEB5-3342B802DD21}.Debug|x64.ActiveCfg = Debug|Any CPU
		{355EA7E4-EF3F-9202-EEB5-3342B802DD21}.Debug|x64.Build.0 = Debug|Any CPU
		{355EA7E4-EF3F-9202-EEB5-3342B802DD21}.Debug|x86.ActiveCfg = Debug|Any CPU
		{355EA7E4-EF3F-9202-EEB5-3342B802DD21}.Debug|x86.Build.0 = Debug|Any CPU
		{355EA7E4-EF3F-9202-EEB5-3342B802DD21}.Release|Any CPU.ActiveCfg = Release|Any CPU
		{355EA7E4-EF3F-9202-EEB5-3342B802DD21}.Release|Any CPU.Build.0 = Release|Any CPU
		{355EA7E4-EF3F-9202-EEB5-3342B802DD21}.Release|x64.ActiveCfg = Release|Any CPU
		{355EA7E4-EF3F-9202-EEB5-3342B802DD21}.Release|x64.Build.0 = Release|Any CPU
		{355EA7E4-EF3F-9202-EEB5-3342B802DD21}.Release|x86.ActiveCfg = Release|Any CPU
		{355EA7E4-EF3F-9202-EEB5-3342B802DD21}.Release|x86.Build.0 = Release|Any CPU
		{59E86CA1-C984-4B19-A1C9-078A207EAC6B}.Debug|Any CPU.ActiveCfg = Debug|Any CPU
		{59E86CA1-C984-4B19-A1C9-078A207EAC6B}.Debug|Any CPU.Build.0 = Debug|Any CPU
		{59E86CA1-C984-4B19-A1C9-078A207EAC6B}.Debug|x64.ActiveCfg = Debug|Any CPU
		{59E86CA1-C984-4B19-A1C9-078A207EAC6B}.Debug|x64.Build.0 = Debug|Any CPU
		{59E86CA1-C984-4B19-A1C9-078A207EAC6B}.Debug|x86.ActiveCfg = Debug|Any CPU
		{59E86CA1-C984-4B19-A1C9-078A207EAC6B}.Debug|x86.Build.0 = Debug|Any CPU
		{59E86CA1-C984-4B19-A1C9-078A207EAC6B}.Release|Any CPU.ActiveCfg = Release|Any CPU
		{59E86CA1-C984-4B19-A1C9-078A207EAC6B}.Release|Any CPU.Build.0 = Release|Any CPU
		{59E86CA1-C984-4B19-A1C9-078A207EAC6B}.Release|x64.ActiveCfg = Release|Any CPU
		{59E86CA1-C984-4B19-A1C9-078A207EAC6B}.Release|x64.Build.0 = Release|Any CPU
		{59E86CA1-C984-4B19-A1C9-078A207EAC6B}.Release|x86.ActiveCfg = Release|Any CPU
		{59E86CA1-C984-4B19-A1C9-078A207EAC6B}.Release|x86.Build.0 = Release|Any CPU
		{94C96ABB-293D-4035-BAE0-2F9C14083BA3}.Debug|Any CPU.ActiveCfg = Debug|Any CPU
		{94C96ABB-293D-4035-BAE0-2F9C14083BA3}.Debug|Any CPU.Build.0 = Debug|Any CPU
		{94C96ABB-293D-4035-BAE0-2F9C14083BA3}.Debug|x64.ActiveCfg = Debug|Any CPU
		{94C96ABB-293D-4035-BAE0-2F9C14083BA3}.Debug|x64.Build.0 = Debug|Any CPU
		{94C96ABB-293D-4035-BAE0-2F9C14083BA3}.Debug|x86.ActiveCfg = Debug|Any CPU
		{94C96ABB-293D-4035-BAE0-2F9C14083BA3}.Debug|x86.Build.0 = Debug|Any CPU
		{94C96ABB-293D-4035-BAE0-2F9C14083BA3}.Release|Any CPU.ActiveCfg = Release|Any CPU
		{94C96ABB-293D-4035-BAE0-2F9C14083BA3}.Release|Any CPU.Build.0 = Release|Any CPU
		{94C96ABB-293D-4035-BAE0-2F9C14083BA3}.Release|x64.ActiveCfg = Release|Any CPU
		{94C96ABB-293D-4035-BAE0-2F9C14083BA3}.Release|x64.Build.0 = Release|Any CPU
		{94C96ABB-293D-4035-BAE0-2F9C14083BA3}.Release|x86.ActiveCfg = Release|Any CPU
		{94C96ABB-293D-4035-BAE0-2F9C14083BA3}.Release|x86.Build.0 = Release|Any CPU
		{B0687EDC-2E2E-4A7D-A073-A3783AF33956}.Debug|Any CPU.ActiveCfg = Debug|Any CPU
		{B0687EDC-2E2E-4A7D-A073-A3783AF33956}.Debug|Any CPU.Build.0 = Debug|Any CPU
		{B0687EDC-2E2E-4A7D-A073-A3783AF33956}.Debug|x64.ActiveCfg = Debug|Any CPU
		{B0687EDC-2E2E-4A7D-A073-A3783AF33956}.Debug|x64.Build.0 = Debug|Any CPU
		{B0687EDC-2E2E-4A7D-A073-A3783AF33956}.Debug|x86.ActiveCfg = Debug|Any CPU
		{B0687EDC-2E2E-4A7D-A073-A3783AF33956}.Debug|x86.Build.0 = Debug|Any CPU
		{B0687EDC-2E2E-4A7D-A073-A3783AF33956}.Release|Any CPU.ActiveCfg = Release|Any CPU
		{B0687EDC-2E2E-4A7D-A073-A3783AF33956}.Release|Any CPU.Build.0 = Release|Any CPU
		{B0687EDC-2E2E-4A7D-A073-A3783AF33956}.Release|x64.ActiveCfg = Release|Any CPU
		{B0687EDC-2E2E-4A7D-A073-A3783AF33956}.Release|x64.Build.0 = Release|Any CPU
		{B0687EDC-2E2E-4A7D-A073-A3783AF33956}.Release|x86.ActiveCfg = Release|Any CPU
		{B0687EDC-2E2E-4A7D-A073-A3783AF33956}.Release|x86.Build.0 = Release|Any CPU
		{12198D38-68FD-4F68-B61C-1A480E3D5233}.Debug|Any CPU.ActiveCfg = Debug|Any CPU
		{12198D38-68FD-4F68-B61C-1A480E3D5233}.Debug|Any CPU.Build.0 = Debug|Any CPU
		{12198D38-68FD-4F68-B61C-1A480E3D5233}.Debug|x64.ActiveCfg = Debug|Any CPU
		{12198D38-68FD-4F68-B61C-1A480E3D5233}.Debug|x64.Build.0 = Debug|Any CPU
		{12198D38-68FD-4F68-B61C-1A480E3D5233}.Debug|x86.ActiveCfg = Debug|Any CPU
		{12198D38-68FD-4F68-B61C-1A480E3D5233}.Debug|x86.Build.0 = Debug|Any CPU
		{12198D38-68FD-4F68-B61C-1A480E3D5233}.Release|Any CPU.ActiveCfg = Release|Any CPU
		{12198D38-68FD-4F68-B61C-1A480E3D5233}.Release|Any CPU.Build.0 = Release|Any CPU
		{12198D38-68FD-4F68-B61C-1A480E3D5233}.Release|x64.ActiveCfg = Release|Any CPU
		{12198D38-68FD-4F68-B61C-1A480E3D5233}.Release|x64.Build.0 = Release|Any CPU
		{12198D38-68FD-4F68-B61C-1A480E3D5233}.Release|x86.ActiveCfg = Release|Any CPU
		{12198D38-68FD-4F68-B61C-1A480E3D5233}.Release|x86.Build.0 = Release|Any CPU
		{65612911-4137-486A-8AB0-98FBD2775D7E}.Debug|Any CPU.ActiveCfg = Debug|Any CPU
		{65612911-4137-486A-8AB0-98FBD2775D7E}.Debug|Any CPU.Build.0 = Debug|Any CPU
		{65612911-4137-486A-8AB0-98FBD2775D7E}.Debug|x64.ActiveCfg = Debug|Any CPU
		{65612911-4137-486A-8AB0-98FBD2775D7E}.Debug|x64.Build.0 = Debug|Any CPU
		{65612911-4137-486A-8AB0-98FBD2775D7E}.Debug|x86.ActiveCfg = Debug|Any CPU
		{65612911-4137-486A-8AB0-98FBD2775D7E}.Debug|x86.Build.0 = Debug|Any CPU
		{65612911-4137-486A-8AB0-98FBD2775D7E}.Release|Any CPU.ActiveCfg = Release|Any CPU
		{65612911-4137-486A-8AB0-98FBD2775D7E}.Release|Any CPU.Build.0 = Release|Any CPU
		{65612911-4137-486A-8AB0-98FBD2775D7E}.Release|x64.ActiveCfg = Release|Any CPU
		{65612911-4137-486A-8AB0-98FBD2775D7E}.Release|x64.Build.0 = Release|Any CPU
		{65612911-4137-486A-8AB0-98FBD2775D7E}.Release|x86.ActiveCfg = Release|Any CPU
		{65612911-4137-486A-8AB0-98FBD2775D7E}.Release|x86.Build.0 = Release|Any CPU
		{55155086-9525-46F5-817E-B225CA554A13}.Debug|Any CPU.ActiveCfg = Debug|Any CPU
		{55155086-9525-46F5-817E-B225CA554A13}.Debug|Any CPU.Build.0 = Debug|Any CPU
		{55155086-9525-46F5-817E-B225CA554A13}.Debug|x64.ActiveCfg = Debug|Any CPU
		{55155086-9525-46F5-817E-B225CA554A13}.Debug|x64.Build.0 = Debug|Any CPU
		{55155086-9525-46F5-817E-B225CA554A13}.Debug|x86.ActiveCfg = Debug|Any CPU
		{55155086-9525-46F5-817E-B225CA554A13}.Debug|x86.Build.0 = Debug|Any CPU
		{55155086-9525-46F5-817E-B225CA554A13}.Release|Any CPU.ActiveCfg = Release|Any CPU
		{55155086-9525-46F5-817E-B225CA554A13}.Release|Any CPU.Build.0 = Release|Any CPU
		{55155086-9525-46F5-817E-B225CA554A13}.Release|x64.ActiveCfg = Release|Any CPU
		{55155086-9525-46F5-817E-B225CA554A13}.Release|x64.Build.0 = Release|Any CPU
		{55155086-9525-46F5-817E-B225CA554A13}.Release|x86.ActiveCfg = Release|Any CPU
		{55155086-9525-46F5-817E-B225CA554A13}.Release|x86.Build.0 = Release|Any CPU
		{0C7AAD3A-E6DC-9EF0-5CD8-8977EDA443DF}.Debug|Any CPU.ActiveCfg = Debug|Any CPU
		{0C7AAD3A-E6DC-9EF0-5CD8-8977EDA443DF}.Debug|Any CPU.Build.0 = Debug|Any CPU
		{0C7AAD3A-E6DC-9EF0-5CD8-8977EDA443DF}.Debug|x64.ActiveCfg = Debug|Any CPU
		{0C7AAD3A-E6DC-9EF0-5CD8-8977EDA443DF}.Debug|x64.Build.0 = Debug|Any CPU
		{0C7AAD3A-E6DC-9EF0-5CD8-8977EDA443DF}.Debug|x86.ActiveCfg = Debug|Any CPU
		{0C7AAD3A-E6DC-9EF0-5CD8-8977EDA443DF}.Debug|x86.Build.0 = Debug|Any CPU
		{0C7AAD3A-E6DC-9EF0-5CD8-8977EDA443DF}.Release|Any CPU.ActiveCfg = Release|Any CPU
		{0C7AAD3A-E6DC-9EF0-5CD8-8977EDA443DF}.Release|Any CPU.Build.0 = Release|Any CPU
		{0C7AAD3A-E6DC-9EF0-5CD8-8977EDA443DF}.Release|x64.ActiveCfg = Release|Any CPU
		{0C7AAD3A-E6DC-9EF0-5CD8-8977EDA443DF}.Release|x64.Build.0 = Release|Any CPU
		{0C7AAD3A-E6DC-9EF0-5CD8-8977EDA443DF}.Release|x86.ActiveCfg = Release|Any CPU
		{0C7AAD3A-E6DC-9EF0-5CD8-8977EDA443DF}.Release|x86.Build.0 = Release|Any CPU
		{3A5C0B00-FF37-7694-5662-63C3529C4659}.Debug|Any CPU.ActiveCfg = Debug|Any CPU
		{3A5C0B00-FF37-7694-5662-63C3529C4659}.Debug|Any CPU.Build.0 = Debug|Any CPU
		{3A5C0B00-FF37-7694-5662-63C3529C4659}.Debug|x64.ActiveCfg = Debug|Any CPU
		{3A5C0B00-FF37-7694-5662-63C3529C4659}.Debug|x64.Build.0 = Debug|Any CPU
		{3A5C0B00-FF37-7694-5662-63C3529C4659}.Debug|x86.ActiveCfg = Debug|Any CPU
		{3A5C0B00-FF37-7694-5662-63C3529C4659}.Debug|x86.Build.0 = Debug|Any CPU
		{3A5C0B00-FF37-7694-5662-63C3529C4659}.Release|Any CPU.ActiveCfg = Release|Any CPU
		{3A5C0B00-FF37-7694-5662-63C3529C4659}.Release|Any CPU.Build.0 = Release|Any CPU
		{3A5C0B00-FF37-7694-5662-63C3529C4659}.Release|x64.ActiveCfg = Release|Any CPU
		{3A5C0B00-FF37-7694-5662-63C3529C4659}.Release|x64.Build.0 = Release|Any CPU
		{3A5C0B00-FF37-7694-5662-63C3529C4659}.Release|x86.ActiveCfg = Release|Any CPU
		{3A5C0B00-FF37-7694-5662-63C3529C4659}.Release|x86.Build.0 = Release|Any CPU
	EndGlobalSection
	GlobalSection(SolutionProperties) = preSolution
		HideSolutionNode = FALSE
	EndGlobalSection
	GlobalSection(NestedProjects) = preSolution
		{B6D32B7E-A70B-4A94-AA70-2A7D1C876DC5} = {5F5D030F-1BEB-45B8-A362-FB9EB3462516}
		{355EA7E4-EF3F-9202-EEB5-3342B802DD21} = {5F5D030F-1BEB-45B8-A362-FB9EB3462516}
		{59E86CA1-C984-4B19-A1C9-078A207EAC6B} = {5F5D030F-1BEB-45B8-A362-FB9EB3462516}
		{94C96ABB-293D-4035-BAE0-2F9C14083BA3} = {5F5D030F-1BEB-45B8-A362-FB9EB3462516}
		{B0687EDC-2E2E-4A7D-A073-A3783AF33956} = {5F5D030F-1BEB-45B8-A362-FB9EB3462516}
		{12198D38-68FD-4F68-B61C-1A480E3D5233} = {5F5D030F-1BEB-45B8-A362-FB9EB3462516}
		{65612911-4137-486A-8AB0-98FBD2775D7E} = {5F5D030F-1BEB-45B8-A362-FB9EB3462516}
		{55155086-9525-46F5-817E-B225CA554A13} = {5F5D030F-1BEB-45B8-A362-FB9EB3462516}
		{0C7AAD3A-E6DC-9EF0-5CD8-8977EDA443DF} = {02EA681E-C7D8-13C7-8484-4AC65E1B71E8}
		{3A5C0B00-FF37-7694-5662-63C3529C4659} = {02EA681E-C7D8-13C7-8484-4AC65E1B71E8}
	EndGlobalSection
	GlobalSection(ExtensibilityGlobals) = postSolution
		SolutionGuid = {03C2C367-678B-4519-BECF-0A2F07F87947}
	EndGlobalSection
EndGlobal
